Microsoft Visual Studio Solution File, Format Version 11.00
# Visual Studio 2008

Project("{1740AD91-CF59-FD6E-A3BC-F05F21284806}") = "Project BADD", "Assembly-CSharp-firstpass.csproj", "{664B4C74-0218-308D-8966-7F98B9E5B017}"
EndProject
Project("{1740AD91-CF59-FD6E-A3BC-F05F21284806}") = "Project BADD", "Assembly-CSharp.csproj", "{E7283CF0-691A-CAFC-11D2-2669A1E01365}"
EndProject
Project("{1740AD91-CF59-FD6E-A3BC-F05F21284806}") = "Project BADD", "Assembly-UnityScript-firstpass.unityproj", "{31D844CE-6E53-5B1F-2906-CE55BC62EF13}"
EndProject
Project("{1740AD91-CF59-FD6E-A3BC-F05F21284806}") = "Project BADD", "Assembly-UnityScript.unityproj", "{23E67B26-3E58-5F7A-0ACC-C49C3FD43C63}"
EndProject
Global
	GlobalSection(SolutionConfigurationPlatforms) = preSolution
		Debug|Any CPU = Debug|Any CPU
		Release|Any CPU = Release|Any CPU
	EndGlobalSection
	GlobalSection(ProjectConfigurationPlatforms) = postSolution
		{664B4C74-0218-308D-8966-7F98B9E5B017}.Debug|Any CPU.ActiveCfg = Debug|Any CPU
		{664B4C74-0218-308D-8966-7F98B9E5B017}.Debug|Any CPU.Build.0 = Debug|Any CPU
		{664B4C74-0218-308D-8966-7F98B9E5B017}.Release|Any CPU.ActiveCfg = Release|Any CPU
		{664B4C74-0218-308D-8966-7F98B9E5B017}.Release|Any CPU.Build.0 = Release|Any CPU
		{E7283CF0-691A-CAFC-11D2-2669A1E01365}.Debug|Any CPU.ActiveCfg = Debug|Any CPU
		{E7283CF0-691A-CAFC-11D2-2669A1E01365}.Debug|Any CPU.Build.0 = Debug|Any CPU
		{E7283CF0-691A-CAFC-11D2-2669A1E01365}.Release|Any CPU.ActiveCfg = Release|Any CPU
		{E7283CF0-691A-CAFC-11D2-2669A1E01365}.Release|Any CPU.Build.0 = Release|Any CPU
		{31D844CE-6E53-5B1F-2906-CE55BC62EF13}.Debug|Any CPU.ActiveCfg = Debug|Any CPU
		{31D844CE-6E53-5B1F-2906-CE55BC62EF13}.Debug|Any CPU.Build.0 = Debug|Any CPU
		{31D844CE-6E53-5B1F-2906-CE55BC62EF13}.Release|Any CPU.ActiveCfg = Release|Any CPU
		{31D844CE-6E53-5B1F-2906-CE55BC62EF13}.Release|Any CPU.Build.0 = Release|Any CPU
		{23E67B26-3E58-5F7A-0ACC-C49C3FD43C63}.Debug|Any CPU.ActiveCfg = Debug|Any CPU
		{23E67B26-3E58-5F7A-0ACC-C49C3FD43C63}.Debug|Any CPU.Build.0 = Debug|Any CPU
		{23E67B26-3E58-5F7A-0ACC-C49C3FD43C63}.Release|Any CPU.ActiveCfg = Release|Any CPU
		{23E67B26-3E58-5F7A-0ACC-C49C3FD43C63}.Release|Any CPU.Build.0 = Release|Any CPU
	EndGlobalSection
	GlobalSection(SolutionProperties) = preSolution
		HideSolutionNode = FALSE
	EndGlobalSection
													GlobalSection(MonoDevelopProperties) = preSolution
		StartupItem = Assembly-CSharp.csproj
		Policies = $0
		$0.TextStylePolicy = $1
		$1.inheritsSet = null
		$1.scope = text/x-csharp
		$0.CSharpFormattingPolicy = $2
		$2.inheritsSet = Mono
		$2.inheritsScope = text/x-csharp
		$2.scope = text/x-csharp
		$0.TextStylePolicy = $3
		$3.FileWidth = 120
		$3.TabWidth = 4
		$3.EolMarker = Unix
		$3.inheritsSet = Mono
		$3.inheritsScope = text/plain
		$3.scope = text/plain
	EndGlobalSection

EndGlobal
